
Microsoft Visual Studio Solution File, Format Version 12.00
# Visual Studio 14
VisualStudioVersion = 14.0.25420.1
MinimumVisualStudioVersion = 10.0.40219.1
Project("{2150E333-8FDC-42A3-9474-1A3956D46DE8}") = "src", "src", "{4346BE75-4F60-4B5E-AC75-7BF346826EE3}"
EndProject
Project("{2150E333-8FDC-42A3-9474-1A3956D46DE8}") = "Solution Items", "Solution Items", "{47ED248F-FEE3-4C21-82EC-2C096B02B524}"
	ProjectSection(SolutionItems) = preProject
		global.json = global.json
	EndProjectSection
EndProject
Project("{8BB2217D-0F2D-49D1-97BC-3654ED321F3B}") = "DudelkaBot", "src\DudelkaBot\DudelkaBot.xproj", "{6D35BB18-3426-4D2D-9E3E-C7C79A619009}"
EndProject
Global
	GlobalSection(SolutionConfigurationPlatforms) = preSolution
		Debug|Any CPU = Debug|Any CPU
		Release|Any CPU = Release|Any CPU
	EndGlobalSection
	GlobalSection(ProjectConfigurationPlatforms) = postSolution
		{6D35BB18-3426-4D2D-9E3E-C7C79A619009}.Debug|Any CPU.ActiveCfg = Debug|Any CPU
		{6D35BB18-3426-4D2D-9E3E-C7C79A619009}.Debug|Any CPU.Build.0 = Debug|Any CPU
		{6D35BB18-3426-4D2D-9E3E-C7C79A619009}.Release|Any CPU.ActiveCfg = Release|Any CPU
		{6D35BB18-3426-4D2D-9E3E-C7C79A619009}.Release|Any CPU.Build.0 = Release|Any CPU
	EndGlobalSection
	GlobalSection(SolutionProperties) = preSolution
		HideSolutionNode = FALSE
	EndGlobalSection
	GlobalSection(NestedProjects) = preSolution
		{6D35BB18-3426-4D2D-9E3E-C7C79A619009} = {4346BE75-4F60-4B5E-AC75-7BF346826EE3}
	EndGlobalSection
EndGlobal
